PODS:
  - AFNetworking (3.1.0):
    - AFNetworking/NSURLSession (= 3.1.0)
    - AFNetworking/Reachability (= 3.1.0)
    - AFNetworking/Security (= 3.1.0)
    - AFNetworking/Serialization (= 3.1.0)
    - AFNetworking/UIKit (= 3.1.0)
  - AFNetworking/NSURLSession (3.1.0):
    - AFNetworking/Reachability
    - AFNetworking/Security
    - AFNetworking/Serialization
  - AFNetworking/Reachability (3.1.0)
  - AFNetworking/Security (3.1.0)
  - AFNetworking/Serialization (3.1.0)
  - AFNetworking/UIKit (3.1.0):
    - AFNetworking/NSURLSession
  - Flurry-iOS-SDK (7.6.3):
    - Flurry-iOS-SDK/FlurrySDK (= 7.6.3)
  - Flurry-iOS-SDK/FlurrySDK (7.6.3)
  - UICKeyChainStore (2.1.0)

DEPENDENCIES:
  - AFNetworking
  - Flurry-iOS-SDK
  - UICKeyChainStore

SPEC CHECKSUMS:
  AFNetworking: 5e0e199f73d8626b11e79750991f5d173d1f8b67
  Flurry-iOS-SDK: 5ea9c76a73ce16bff005d21a4f0b539d2c15d97d
  UICKeyChainStore: f1cbd42216a113f0165de1e733e62905b8823432

PODFILE CHECKSUM: 8e6ac3f6f36311f5bdf778e004a4affbbe01c9e5

COCOAPODS: 1.0.0
